
Microsoft Visual Studio Solution File, Format Version 12.00
# Visual Studio 15
VisualStudioVersion = 15.0.27004.2008
MinimumVisualStudioVersion = 10.0.40219.1
Project("{FAE04EC0-301F-11D3-BF4B-00C04F79EFBC}") = "ManodigoBot", "ManodigoBot\ManodigoBot.csproj", "{8358B85E-AE3E-4030-9D20-0055C0BA180C}"
EndProject
Global
	GlobalSection(SolutionConfigurationPlatforms) = preSolution
		Debug|Any CPU = Debug|Any CPU
		Release|Any CPU = Release|Any CPU
	EndGlobalSection
	GlobalSection(ProjectConfigurationPlatforms) = postSolution
		{8358B85E-AE3E-4030-9D20-0055C0BA180C}.Debug|Any CPU.ActiveCfg = Debug|Any CPU
		{8358B85E-AE3E-4030-9D20-0055C0BA180C}.Debug|Any CPU.Build.0 = Debug|Any CPU
		{8358B85E-AE3E-4030-9D20-0055C0BA180C}.Release|Any CPU.ActiveCfg = Release|Any CPU
		{8358B85E-AE3E-4030-9D20-0055C0BA180C}.Release|Any CPU.Build.0 = Release|Any CPU
	EndGlobalSection
	GlobalSection(SolutionProperties) = preSolution
		HideSolutionNode = FALSE
	EndGlobalSection
	GlobalSection(ExtensibilityGlobals) = postSolution
		SolutionGuid = {FACF7D5E-DF09-4629-854C-2727537E37A2}
	EndGlobalSection
EndGlobal
